
Microsoft Visual Studio Solution File, Format Version 12.00
# Visual Studio Version 17
VisualStudioVersion = 17.12.35527.113
MinimumVisualStudioVersion = 10.0.40219.1
Project("{FAE04EC0-301F-11D3-BF4B-00C04F79EFBC}") = "Data", "Data\Data.csproj", "{0A0BC7B3-5BCF-4F42-AF45-CD7BDD979DF5}"
EndProject
Project("{FAE04EC0-301F-11D3-BF4B-00C04F79EFBC}") = "Business", "Business\Business.csproj", "{2ADAACB1-660F-42B0-B037-A1E907FDAFA4}"
EndProject
Project("{FAE04EC0-301F-11D3-BF4B-00C04F79EFBC}") = "PressWebAPI", "PressWebAPI\PressWebAPI.csproj", "{18C97363-4881-4FDB-96F1-0BD45A09FCF8}"
	ProjectSection(ProjectDependencies) = postProject
		{2ADAACB1-660F-42B0-B037-A1E907FDAFA4} = {2ADAACB1-660F-42B0-B037-A1E907FDAFA4}
	EndProjectSection
EndProject
Global
	GlobalSection(SolutionConfigurationPlatforms) = preSolution
		Debug|Any CPU = Debug|Any CPU
		Release|Any CPU = Release|Any CPU
	EndGlobalSection
	GlobalSection(ProjectConfigurationPlatforms) = postSolution
		{0A0BC7B3-5BCF-4F42-AF45-CD7BDD979DF5}.Debug|Any CPU.ActiveCfg = Debug|Any CPU
		{0A0BC7B3-5BCF-4F42-AF45-CD7BDD979DF5}.Debug|Any CPU.Build.0 = Debug|Any CPU
		{0A0BC7B3-5BCF-4F42-AF45-CD7BDD979DF5}.Release|Any CPU.ActiveCfg = Release|Any CPU
		{0A0BC7B3-5BCF-4F42-AF45-CD7BDD979DF5}.Release|Any CPU.Build.0 = Release|Any CPU
		{2ADAACB1-660F-42B0-B037-A1E907FDAFA4}.Debug|Any CPU.ActiveCfg = Debug|Any CPU
		{2ADAACB1-660F-42B0-B037-A1E907FDAFA4}.Debug|Any CPU.Build.0 = Debug|Any CPU
		{2ADAACB1-660F-42B0-B037-A1E907FDAFA4}.Release|Any CPU.ActiveCfg = Release|Any CPU
		{2ADAACB1-660F-42B0-B037-A1E907FDAFA4}.Release|Any CPU.Build.0 = Release|Any CPU
		{18C97363-4881-4FDB-96F1-0BD45A09FCF8}.Debug|Any CPU.ActiveCfg = Debug|Any CPU
		{18C97363-4881-4FDB-96F1-0BD45A09FCF8}.Debug|Any CPU.Build.0 = Debug|Any CPU
		{18C97363-4881-4FDB-96F1-0BD45A09FCF8}.Release|Any CPU.ActiveCfg = Release|Any CPU
		{18C97363-4881-4FDB-96F1-0BD45A09FCF8}.Release|Any CPU.Build.0 = Release|Any CPU
	EndGlobalSection
	GlobalSection(SolutionProperties) = preSolution
		HideSolutionNode = FALSE
	EndGlobalSection
EndGlobal
